
Microsoft Visual Studio Solution File, Format Version 12.00
# Visual Studio Version 17
VisualStudioVersion = 17.12.35527.113
MinimumVisualStudioVersion = 10.0.40219.1
Project("{FAE04EC0-301F-11D3-BF4B-00C04F79EFBC}") = "WindowsFormsApp1", "WindowsFormsApp1.csproj", "{FC032381-B826-4EFD-B1DD-BB11399CC24F}"
EndProject
<<<<<<< HEAD
Project("{FAE04EC0-301F-11D3-BF4B-00C04F79EFBC}") = "CurrencyConverter.Tests", "..\qwetest\CurrencyConverter.Tests\CurrencyConverter.Tests.csproj", "{1EB2ACAF-3B02-4FF6-8E7E-A2C314FE4D44}"
=======
Project("{FAE04EC0-301F-11D3-BF4B-00C04F79EFBC}") = "CurrencyRateServiceTests.cs", "CurrencyRateServiceTests.cs\CurrencyRateServiceTests.cs.csproj", "{B7D49665-F514-4273-A8BE-88D6AC6391C0}"
>>>>>>> develop
EndProject
Global
	GlobalSection(SolutionConfigurationPlatforms) = preSolution
		Debug|Any CPU = Debug|Any CPU
		Release|Any CPU = Release|Any CPU
	EndGlobalSection
	GlobalSection(ProjectConfigurationPlatforms) = postSolution
		{FC032381-B826-4EFD-B1DD-BB11399CC24F}.Debug|Any CPU.ActiveCfg = Debug|Any CPU
		{FC032381-B826-4EFD-B1DD-BB11399CC24F}.Debug|Any CPU.Build.0 = Debug|Any CPU
		{FC032381-B826-4EFD-B1DD-BB11399CC24F}.Release|Any CPU.ActiveCfg = Release|Any CPU
		{FC032381-B826-4EFD-B1DD-BB11399CC24F}.Release|Any CPU.Build.0 = Release|Any CPU
<<<<<<< HEAD
		{1EB2ACAF-3B02-4FF6-8E7E-A2C314FE4D44}.Debug|Any CPU.ActiveCfg = Debug|Any CPU
		{1EB2ACAF-3B02-4FF6-8E7E-A2C314FE4D44}.Debug|Any CPU.Build.0 = Debug|Any CPU
		{1EB2ACAF-3B02-4FF6-8E7E-A2C314FE4D44}.Release|Any CPU.ActiveCfg = Release|Any CPU
		{1EB2ACAF-3B02-4FF6-8E7E-A2C314FE4D44}.Release|Any CPU.Build.0 = Release|Any CPU
=======
		{B7D49665-F514-4273-A8BE-88D6AC6391C0}.Debug|Any CPU.ActiveCfg = Debug|Any CPU
		{B7D49665-F514-4273-A8BE-88D6AC6391C0}.Debug|Any CPU.Build.0 = Debug|Any CPU
		{B7D49665-F514-4273-A8BE-88D6AC6391C0}.Release|Any CPU.ActiveCfg = Release|Any CPU
		{B7D49665-F514-4273-A8BE-88D6AC6391C0}.Release|Any CPU.Build.0 = Release|Any CPU
>>>>>>> develop
	EndGlobalSection
	GlobalSection(SolutionProperties) = preSolution
		HideSolutionNode = FALSE
	EndGlobalSection
EndGlobal
